Microsoft Visual Studio Solution File, Format Version 12.00
# Visual Studio Version 17
VisualStudioVersion = 17.5.2.0
MinimumVisualStudioVersion = 10.0.40219.1
Project("{FAE04EC0-301F-11D3-BF4B-00C04F79EFBC}") = "TP-SalaDeEscape", "TP-SalaDeEscape.csproj", "{1AD06F10-2357-447D-6E43-EBF09CFE32D7}"
EndProject
Global
	GlobalSection(SolutionConfigurationPlatforms) = preSolution
		Debug|Any CPU = Debug|Any CPU
		Release|Any CPU = Release|Any CPU
	EndGlobalSection
	GlobalSection(ProjectConfigurationPlatforms) = postSolution
		{1AD06F10-2357-447D-6E43-EBF09CFE32D7}.Debug|Any CPU.ActiveCfg = Debug|Any CPU
		{1AD06F10-2357-447D-6E43-EBF09CFE32D7}.Debug|Any CPU.Build.0 = Debug|Any CPU
		{1AD06F10-2357-447D-6E43-EBF09CFE32D7}.Release|Any CPU.ActiveCfg = Release|Any CPU
		{1AD06F10-2357-447D-6E43-EBF09CFE32D7}.Release|Any CPU.Build.0 = Release|Any CPU
	EndGlobalSection
	GlobalSection(SolutionProperties) = preSolution
		HideSolutionNode = FALSE
	EndGlobalSection
	GlobalSection(ExtensibilityGlobals) = postSolution
		SolutionGuid = {5F4EE84C-371E-4E03-809F-5F618C8C98E1}
	EndGlobalSection
EndGlobal
